
Microsoft Visual Studio Solution File, Format Version 12.00
# Visual Studio Version 17
VisualStudioVersion = 17.4.33213.308
MinimumVisualStudioVersion = 10.0.40219.1
Project("{FAE04EC0-301F-11D3-BF4B-00C04F79EFBC}") = "QuantasVogais", "QuantasVogais\QuantasVogais.csproj", "{92352C7B-0497-4640-B8AF-7708D1BB07AA}"
EndProject
Global
	GlobalSection(SolutionConfigurationPlatforms) = preSolution
		Debug|Any CPU = Debug|Any CPU
		Release|Any CPU = Release|Any CPU
	EndGlobalSection
	GlobalSection(ProjectConfigurationPlatforms) = postSolution
		{92352C7B-0497-4640-B8AF-7708D1BB07AA}.Debug|Any CPU.ActiveCfg = Debug|Any CPU
		{92352C7B-0497-4640-B8AF-7708D1BB07AA}.Debug|Any CPU.Build.0 = Debug|Any CPU
		{92352C7B-0497-4640-B8AF-7708D1BB07AA}.Release|Any CPU.ActiveCfg = Release|Any CPU
		{92352C7B-0497-4640-B8AF-7708D1BB07AA}.Release|Any CPU.Build.0 = Release|Any CPU
	EndGlobalSection
	GlobalSection(SolutionProperties) = preSolution
		HideSolutionNode = FALSE
	EndGlobalSection
	GlobalSection(ExtensibilityGlobals) = postSolution
		SolutionGuid = {1C8DC8A6-DEA2-423A-BF56-83823501D9F2}
	EndGlobalSection
EndGlobal
